// !$*UTF8*$!
{
	archiveVersion = 1;
	classes = {
	};
	objectVersion = 46;
	objects = {

/* Begin PBXBuildFile section */
		0A4534501A43687F0085A04D /* AppDelegate.swift in Sources */ = {isa = PBXBuildFile; fileRef = 0A45344F1A43687F0085A04D /* AppDelegate.swift */; };
		0A4534521A43687F0085A04D /* MasterViewController.swift in Sources */ = {isa = PBXBuildFile; fileRef = 0A4534511A43687F0085A04D /* MasterViewController.swift */; };
		0A4534541A43687F0085A04D /* DetailViewController.swift in Sources */ = {isa = PBXBuildFile; fileRef = 0A4534531A43687F0085A04D /* DetailViewController.swift */; };
		0A4534571A43687F0085A04D /* Main.storyboard in Resources */ = {isa = PBXBuildFile; fileRef = 0A4534551A43687F0085A04D /* Main.storyboard */; };
		0A4534591A43687F0085A04D /* Images.xcassets in Resources */ = {isa = PBXBuildFile; fileRef = 0A4534581A43687F0085A04D /* Images.xcassets */; };
		0A45345C1A43687F0085A04D /* LaunchScreen.xib in Resources */ = {isa = PBXBuildFile; fileRef = 0A45345A1A43687F0085A04D /* LaunchScreen.xib */; };
		0A4534681A43687F0085A04D /* MasterDetailAppTemplateTests.swift in Sources */ = {isa = PBXBuildFile; fileRef = 0A4534671A43687F0085A04D /* MasterDetailAppTemplateTests.swift */; };
/* End PBXBuildFile section */

/* Begin PBXContainerItemProxy section */
		0A4534621A43687F0085A04D /* PBXContainerItemProxy */ = {
			isa = PBXContainerItemProxy;
			containerPortal = 0A4534421A43687F0085A04D /* Project object */;
			proxyType = 1;
			remoteGlobalIDString = 0A4534491A43687F0085A04D;
			remoteInfo = MasterDetailAppTemplate;
		};
/* End PBXContainerItemProxy section */

/* Begin PBXFileReference section */
		0A45344A1A43687F0085A04D /* MasterDetailAppTemplate.app */ = {isa = PBXFileReference; explicitFileType = wrapper.application; includeInIndex = 0; path = MasterDetailAppTemplate.app; sourceTree = BUILT_PRODUCTS_DIR; };
		0A45344E1A43687F0085A04D /* Info.plist */ = {isa = PBXFileReference; lastKnownFileType = text.plist.xml; path = Info.plist; sourceTree = "<group>"; };
		0A45344F1A43687F0085A04D /* AppDelegate.swift */ = {isa = PBXFileReference; lastKnownFileType = sourcecode.swift; path = AppDelegate.swift; sourceTree = "<group>"; };
		0A4534511A43687F0085A04D /* MasterViewController.swift */ = {isa = PBXFileReference; lastKnownFileType = sourcecode.swift; path = MasterViewController.swift; sourceTree = "<group>"; };
		0A4534531A43687F0085A04D /* DetailViewController.swift */ = {isa = PBXFileReference; lastKnownFileType = sourcecode.swift; path = DetailViewController.swift; sourceTree = "<group>"; };
		0A4534561A43687F0085A04D /* Base */ = {isa = PBXFileReference; lastKnownFileType = file.storyboard; name = Base; path = Base.lproj/Main.storyboard; sourceTree = "<group>"; };
		0A4534581A43687F0085A04D /* Images.xcassets */ = {isa = PBXFileReference; lastKnownFileType = folder.assetcatalog; path = Images.xcassets; sourceTree = "<group>"; };
		0A45345B1A43687F0085A04D /* Base */ = {isa = PBXFileReference; lastKnownFileType = file.xib; name = Base; path = Base.lproj/LaunchScreen.xib; sourceTree = "<group>"; };
		0A4534611A43687F0085A04D /* MasterDetailAppTemplateTests.xctest */ = {isa = PBXFileReference; explicitFileType = wrapper.cfbundle; includeInIndex = 0; path = MasterDetailAppTemplateTests.xctest; sourceTree = BUILT_PRODUCTS_DIR; };
		0A4534661A43687F0085A04D /* Info.plist */ = {isa = PBXFileReference; lastKnownFileType = text.plist.xml; path = Info.plist; sourceTree = "<group>"; };
		0A4534671A43687F0085A04D /* MasterDetailAppTemplateTests.swift */ = {isa = PBXFileReference; lastKnownFileType = sourcecode.swift; path = MasterDetailAppTemplateTests.swift; sourceTree = "<group>"; };
/* End PBXFileReference section */

/* Begin PBXFrameworksBuildPhase section */
		0A4534471A43687F0085A04D /* Frameworks */ = {
			isa = PBXFrameworksBuildPhase;
			buildActionMask = 2147483647;
			files = (
			);
			runOnlyForDeploymentPostprocessing = 0;
		};
		0A45345E1A43687F0085A04D /* Frameworks */ = {
			isa = PBXFrameworksBuildPhase;
			buildActionMask = 2147483647;
			files = (
			);
			runOnlyForDeploymentPostprocessing = 0;
		};
/* End PBXFrameworksBuildPhase section */

/* Begin PBXGroup section */
		0A4534411A43687F0085A04D = {
			isa = PBXGroup;
			children = (
				0A45344C1A43687F0085A04D /* MasterDetailAppTemplate */,
				0A4534641A43687F0085A04D /* MasterDetailAppTemplateTests */,
				0A45344B1A43687F0085A04D /* Products */,
			);
			sourceTree = "<group>";
		};
		0A45344B1A43687F0085A04D /* Products */ = {
			isa = PBXGroup;
			children = (
				0A45344A1A43687F0085A04D /* MasterDetailAppTemplate.app */,
				0A4534611A43687F0085A04D /* MasterDetailAppTemplateTests.xctest */,
			);
			name = Products;
			sourceTree = "<group>";
		};
		0A45344C1A43687F0085A04D /* MasterDetailAppTemplate */ = {
			isa = PBXGroup;
			children = (
				0A45344F1A43687F0085A04D /* AppDelegate.swift */,
				0A4534511A43687F0085A04D /* MasterViewController.swift */,
				0A4534531A43687F0085A04D /* DetailViewController.swift */,
				0A4534551A43687F0085A04D /* Main.storyboard */,
				0A4534581A43687F0085A04D /* Images.xcassets */,
				0A45345A1A43687F0085A04D /* LaunchScreen.xib */,
				0A45344D1A43687F0085A04D /* Supporting Files */,
			);
			path = MasterDetailAppTemplate;
			sourceTree = "<group>";
		};
		0A45344D1A43687F0085A04D /* Supporting Files */ = {
			isa = PBXGroup;
			children = (
				0A45344E1A43687F0085A04D /* Info.plist */,
			);
			name = "Supporting Files";
			sourceTree = "<group>";
		};
		0A4534641A43687F0085A04D /* MasterDetailAppTemplateTests */ = {
			isa = PBXGroup;
			children = (
				0A4534671A43687F0085A04D /* MasterDetailAppTemplateTests.swift */,
				0A4534651A43687F0085A04D /* Supporting Files */,
			);
			path = MasterDetailAppTemplateTests;
			sourceTree = "<group>";
		};
		0A4534651A43687F0085A04D /* Supporting Files */ = {
			isa = PBXGroup;
			children = (
				0A4534661A43687F0085A04D /* Info.plist */,
			);
			name = "Supporting Files";
			sourceTree = "<group>";
		};
/* End PBXGroup section */

/* Begin PBXNativeTarget section */
		0A4534491A43687F0085A04D /* MasterDetailAppTemplate */ = {
			isa = PBXNativeTarget;
			buildConfigurationList = 0A45346B1A43687F0085A04D /* Build configuration list for PBXNativeTarget "MasterDetailAppTemplate" */;
			buildPhases = (
				0A4534461A43687F0085A04D /* Sources */,
				0A4534471A43687F0085A04D /* Frameworks */,
				0A4534481A43687F0085A04D /* Resources */,
			);
			buildRules = (
			);
			dependencies = (
			);
			name = MasterDetailAppTemplate;
			productName = MasterDetailAppTemplate;
			productReference = 0A45344A1A43687F0085A04D /* MasterDetailAppTemplate.app */;
			productType = "com.apple.product-type.application";
		};
		0A4534601A43687F0085A04D /* MasterDetailAppTemplateTests */ = {
			isa = PBXNativeTarget;
			buildConfigurationList = 0A45346E1A43687F0085A04D /* Build configuration list for PBXNativeTarget "MasterDetailAppTemplateTests" */;
			buildPhases = (
				0A45345D1A43687F0085A04D /* Sources */,
				0A45345E1A43687F0085A04D /* Frameworks */,
				0A45345F1A43687F0085A04D /* Resources */,
			);
			buildRules = (
			);
			dependencies = (
				0A4534631A43687F0085A04D /* PBXTargetDependency */,
			);
			name = MasterDetailAppTemplateTests;
			productName = MasterDetailAppTemplateTests;
			productReference = 0A4534611A43687F0085A04D /* MasterDetailAppTemplateTests.xctest */;
			productType = "com.apple.product-type.bundle.unit-test";
		};
/* End PBXNativeTarget section */

/* Begin PBXProject section */
		0A4534421A43687F0085A04D /* Project object */ = {
			isa = PBXProject;
			attributes = {
				LastUpgradeCheck = 0610;
				ORGANIZATIONNAME = "CSSE Department";
				TargetAttributes = {
					0A4534491A43687F0085A04D = {
						CreatedOnToolsVersion = 6.1;
					};
					0A4534601A43687F0085A04D = {
						CreatedOnToolsVersion = 6.1;
						TestTargetID = 0A4534491A43687F0085A04D;
					};
				};
			};
			buildConfigurationList = 0A4534451A43687F0085A04D /* Build configuration list for PBXProject "MasterDetailAppTemplate" */;
			compatibilityVersion = "Xcode 3.2";
			developmentRegion = English;
			hasScannedForEncodings = 0;
			knownRegions = (
				en,
				Base,
			);
			mainGroup = 0A4534411A43687F0085A04D;
			productRefGroup = 0A45344B1A43687F0085A04D /* Products */;
			projectDirPath = "";
			projectRoot = "";
			targets = (
				0A4534491A43687F0085A04D /* MasterDetailAppTemplate */,
				0A4534601A43687F0085A04D /* MasterDetailAppTemplateTests */,
			);
		};
/* End PBXProject section */

/* Begin PBXResourcesBuildPhase section */
		0A4534481A43687F0085A04D /* Resources */ = {
			isa = PBXResourcesBuildPhase;
			buildActionMask = 2147483647;
			files = (
				0A4534571A43687F0085A04D /* Main.storyboard in Resources */,
				0A45345C1A43687F0085A04D /* LaunchScreen.xib in Resources */,
				0A4534591A43687F0085A04D /* Images.xcassets in Resources */,
			);
			runOnlyForDeploymentPostprocessing = 0;
		};
		0A45345F1A43687F0085A04D /* Resources */ = {
			isa = PBXResourcesBuildPhase;
			buildActionMask = 2147483647;
			files = (
			);
			runOnlyForDeploymentPostprocessing = 0;
		};
/* End PBXResourcesBuildPhase section */

/* Begin PBXSourcesBuildPhase section */
		0A4534461A43687F0085A04D /* Sources */ = {
			isa = PBXSourcesBuildPhase;
			buildActionMask = 2147483647;
			files = (
				0A4534541A43687F0085A04D /* DetailViewController.swift in Sources */,
				0A4534521A43687F0085A04D /* MasterViewController.swift in Sources */,
				0A4534501A43687F0085A04D /* AppDelegate.swift in Sources */,
			);
			runOnlyForDeploymentPostprocessing = 0;
		};
		0A45345D1A43687F0085A04D /* Sources */ = {
			isa = PBXSourcesBuildPhase;
			buildActionMask = 2147483647;
			files = (
				0A4534681A43687F0085A04D /* MasterDetailAppTemplateTests.swift in Sources */,
			);
			runOnlyForDeploymentPostprocessing = 0;
		};
/* End PBXSourcesBuildPhase section */

/* Begin PBXTargetDependency section */
		0A4534631A43687F0085A04D /* PBXTargetDependency */ = {
			isa = PBXTargetDependency;
			target = 0A4534491A43687F0085A04D /* MasterDetailAppTemplate */;
			targetProxy = 0A4534621A43687F0085A04D /* PBXContainerItemProxy */;
		};
/* End PBXTargetDependency section */

/* Begin PBXVariantGroup section */
		0A4534551A43687F0085A04D /* Main.storyboard */ = {
			isa = PBXVariantGroup;
			children = (
				0A4534561A43687F0085A04D /* Base */,
			);
			name = Main.storyboard;
			sourceTree = "<group>";
		};
		0A45345A1A43687F0085A04D /* LaunchScreen.xib */ = {
			isa = PBXVariantGroup;
			children = (
				0A45345B1A43687F0085A04D /* Base */,
			);
			name = LaunchScreen.xib;
			sourceTree = "<group>";
		};
/* End PBXVariantGroup section */

/* Begin XCBuildConfiguration section */
		0A4534691A43687F0085A04D /* Debug */ = {
			isa = XCBuildConfiguration;
			buildSettings = {
				ALWAYS_SEARCH_USER_PATHS = NO;
				CLANG_CXX_LANGUAGE_STANDARD = "gnu++0x";
				CLANG_CXX_LIBRARY = "libc++";
				CLANG_ENABLE_MODULES = YES;
				CLANG_ENABLE_OBJC_ARC = YES;
				CLANG_WARN_BOOL_CONVERSION = YES;
				CLANG_WARN_CONSTANT_CONVERSION = YES;
				CLANG_WARN_DIRECT_OBJC_ISA_USAGE = YES_ERROR;
				CLANG_WARN_EMPTY_BODY = YES;
				CLANG_WARN_ENUM_CONVERSION = YES;
				CLANG_WARN_INT_CONVERSION = YES;
				CLANG_WARN_OBJC_ROOT_CLASS = YES_ERROR;
				CLANG_WARN_UNREACHABLE_CODE = YES;
				CLANG_WARN__DUPLICATE_METHOD_MATCH = YES;
				"CODE_SIGN_IDENTITY[sdk=iphoneos*]" = "iPhone Developer";
				COPY_PHASE_STRIP = NO;
				ENABLE_STRICT_OBJC_MSGSEND = YES;
				GCC_C_LANGUAGE_STANDARD = gnu99;
				GCC_DYNAMIC_NO_PIC = NO;
				GCC_OPTIMIZATION_LEVEL = 0;
				GCC_PREPROCESSOR_DEFINITIONS = (
					"DEBUG=1",
					"$(inherited)",
				);
				GCC_SYMBOLS_PRIVATE_EXTERN = NO;
				GCC_WARN_64_TO_32_BIT_CONVERSION = YES;
				GCC_WARN_ABOUT_RETURN_TYPE = YES_ERROR;
				GCC_WARN_UNDECLARED_SELECTOR = YES;
				GCC_WARN_UNINITIALIZED_AUTOS = YES_AGGRESSIVE;
				GCC_WARN_UNUSED_FUNCTION = YES;
				GCC_WARN_UNUSED_VARIABLE = YES;
				IPHONEOS_DEPLOYMENT_TARGET = 8.1;
				MTL_ENABLE_DEBUG_INFO = YES;
				ONLY_ACTIVE_ARCH = YES;
				SDKROOT = iphoneos;
				SWIFT_OPTIMIZATION_LEVEL = "-Onone";
				TARGETED_DEVICE_FAMILY = "1,2";
			};
			name = Debug;
		};
		0A45346A1A43687F0085A04D /* Release */ = {
			isa = XCBuildConfiguration;
			buildSettings = {
				ALWAYS_SEARCH_USER_PATHS = NO;
				CLANG_CXX_LANGUAGE_STANDARD = "gnu++0x";
				CLANG_CXX_LIBRARY = "libc++";
				CLANG_ENABLE_MODULES = YES;
				CLANG_ENABLE_OBJC_ARC = YES;
				CLANG_WARN_BOOL_CONVERSION = YES;
				CLANG_WARN_CONSTANT_CONVERSION = YES;
				CLANG_WARN_DIRECT_OBJC_ISA_USAGE = YES_ERROR;
				CLANG_WARN_EMPTY_BODY = YES;
				CLANG_WARN_ENUM_CONVERSION = YES;
				CLANG_WARN_INT_CONVERSION = YES;
				CLANG_WARN_OBJC_ROOT_CLASS = YES_ERROR;
				CLANG_WARN_UNREACHABLE_CODE = YES;
				CLANG_WARN__DUPLICATE_METHOD_MATCH = YES;
				"CODE_SIGN_IDENTITY[sdk=iphoneos*]" = "iPhone Developer";
				COPY_PHASE_STRIP = YES;
				ENABLE_NS_ASSERTIONS = NO;
				ENABLE_STRICT_OBJC_MSGSEND = YES;
				GCC_C_LANGUAGE_STANDARD = gnu99;
				GCC_WARN_64_TO_32_BIT_CONVERSION = YES;
				GCC_WARN_ABOUT_RETURN_TYPE = YES_ERROR;
				GCC_WARN_UNDECLARED_SELECTOR = YES;
				GCC_WARN_UNINITIALIZED_AUTOS = YES_AGGRESSIVE;
				GCC_WARN_UNUSED_FUNCTION = YES;
				GCC_WARN_UNUSED_VARIABLE = YES;
				IPHONEOS_DEPLOYMENT_TARGET = 8.1;
				MTL_ENABLE_DEBUG_INFO = NO;
				SDKROOT = iphoneos;
				TARGETED_DEVICE_FAMILY = "1,2";
				VALIDATE_PRODUCT = YES;
			};
			name = Release;
		};
		0A45346C1A43687F0085A04D /* Debug */ = {
			isa = XCBuildConfiguration;
			buildSettings = {
				ASSETCATALOG_COMPILER_APPICON_NAME = AppIcon;
				INFOPLIST_FILE = MasterDetailAppTemplate/Info.plist;
				LD_RUNPATH_SEARCH_PATHS = "$(inherited) @executable_path/Frameworks";
				PRODUCT_NAME = "$(TARGET_NAME)";
			};
			name = Debug;
		};
		0A45346D1A43687F0085A04D /* Release */ = {
			isa = XCBuildConfiguration;
			buildSettings = {
				ASSETCATALOG_COMPILER_APPICON_NAME = AppIcon;
				INFOPLIST_FILE = MasterDetailAppTemplate/Info.plist;
				LD_RUNPATH_SEARCH_PATHS = "$(inherited) @executable_path/Frameworks";
				PRODUCT_NAME = "$(TARGET_NAME)";
			};
			name = Release;
		};
		0A45346F1A43687F0085A04D /* Debug */ = {
			isa = XCBuildConfiguration;
			buildSettings = {
				BUNDLE_LOADER = "$(TEST_HOST)";
				FRAMEWORK_SEARCH_PATHS = (
					"$(SDKROOT)/Developer/Library/Frameworks",
					"$(inherited)",
				);
				GCC_PREPROCESSOR_DEFINITIONS = (
					"DEBUG=1",
					"$(inherited)",
				);
				INFOPLIST_FILE = MasterDetailAppTemplateTests/Info.plist;
				LD_RUNPATH_SEARCH_PATHS = "$(inherited) @executable_path/Frameworks @loader_path/Frameworks";
				PRODUCT_NAME = "$(TARGET_NAME)";
				TEST_HOST = "$(BUILT_PRODUCTS_DIR)/MasterDetailAppTemplate.app/MasterDetailAppTemplate";
			};
			name = Debug;
		};
		0A4534701A43687F0085A04D /* Release */ = {
			isa = XCBuildConfiguration;
			buildSettings = {
				BUNDLE_LOADER = "$(TEST_HOST)";
				FRAMEWORK_SEARCH_PATHS = (
					"$(SDKROOT)/Developer/Library/Frameworks",
					"$(inherited)",
				);
				INFOPLIST_FILE = MasterDetailAppTemplateTests/Info.plist;
				LD_RUNPATH_SEARCH_PATHS = "$(inherited) @executable_path/Frameworks @loader_path/Frameworks";
				PRODUCT_NAME = "$(TARGET_NAME)";
				TEST_HOST = "$(BUILT_PRODUCTS_DIR)/MasterDetailAppTemplate.app/MasterDetailAppTemplate";
			};
			name = Release;
		};
/* End XCBuildConfiguration section */

/* Begin XCConfigurationList section */
		0A4534451A43687F0085A04D /* Build configuration list for PBXProject "MasterDetailAppTemplate" */ = {
			isa = XCConfigurationList;
			buildConfigurations = (
				0A4534691A43687F0085A04D /* Debug */,
				0A45346A1A43687F0085A04D /* Release */,
			);
			defaultConfigurationIsVisible = 0;
			defaultConfigurationName = Release;
		};
		0A45346B1A43687F0085A04D /* Build configuration list for PBXNativeTarget "MasterDetailAppTemplate" */ = {
			isa = XCConfigurationList;
			buildConfigurations = (
				0A45346C1A43687F0085A04D /* Debug */,
				0A45346D1A43687F0085A04D /* Release */,
			);
			defaultConfigurationIsVisible = 0;
		};
		0A45346E1A43687F0085A04D /* Build configuration list for PBXNativeTarget "MasterDetailAppTemplateTests" */ = {
			isa = XCConfigurationList;
			buildConfigurations = (
				0A45346F1A43687F0085A04D /* Debug */,
				0A4534701A43687F0085A04D /* Release */,
			);
			defaultConfigurationIsVisible = 0;
		};
/* End XCConfigurationList section */
	};
	rootObject = 0A4534421A43687F0085A04D /* Project object */;
}
